// !$*UTF8*$!
{
	archiveVersion = 1;
	classes = {
	};
	objectVersion = 46;
	objects = {

/* Begin PBXBuildFile section */
		99A4BFA4175EA8C700DC4BF9 /* Default-568h@2x.png in Resources */ = {isa = PBXBuildFile; fileRef = 99A4BFA3175EA8C700DC4BF9 /* Default-568h@2x.png */; };
		99A4BFA6175EA8E000DC4BF9 /* Storyboard-iPhone.storyboard in Resources */ = {isa = PBXBuildFile; fileRef = 99A4BFA5175EA8E000DC4BF9 /* Storyboard-iPhone.storyboard */; };
		99A4BFA8175ED06000DC4BF9 /* Storyboard-iPad.storyboard in Resources */ = {isa = PBXBuildFile; fileRef = 99A4BFA7175ED06000DC4BF9 /* Storyboard-iPad.storyboard */; };
		99A4BFC0175ED58300DC4BF9 /* Icon.png in Resources */ = {isa = PBXBuildFile; fileRef = 99A4BFBF175ED58300DC4BF9 /* Icon.png */; };
		99A4BFC2175ED58600DC4BF9 /* Icon@2x.png in Resources */ = {isa = PBXBuildFile; fileRef = 99A4BFC1175ED58600DC4BF9 /* Icon@2x.png */; };
		99A4BFC4175ED58D00DC4BF9 /* Icon-72.png in Resources */ = {isa = PBXBuildFile; fileRef = 99A4BFC3175ED58D00DC4BF9 /* Icon-72.png */; };
		99A4BFC6175ED59000DC4BF9 /* Icon-72@2x.png in Resources */ = {isa = PBXBuildFile; fileRef = 99A4BFC5175ED59000DC4BF9 /* Icon-72@2x.png */; };
		99A66CA6175F856C00A17045 /* BarChartIcon.png in Resources */ = {isa = PBXBuildFile; fileRef = 99A66CA5175F856C00A17045 /* BarChartIcon.png */; };
		99A66CE1175F8C7400A17045 /* BarChartView.m in Sources */ = {isa = PBXBuildFile; fileRef = 99A66CCA175F8C7400A17045 /* BarChartView.m */; };
		99A66CE2175F8C7400A17045 /* BarLabel.m in Sources */ = {isa = PBXBuildFile; fileRef = 99A66CCC175F8C7400A17045 /* BarLabel.m */; };
		99A66CE3175F8C7400A17045 /* BarView.m in Sources */ = {isa = PBXBuildFile; fileRef = 99A66CCE175F8C7400A17045 /* BarView.m */; };
		99A66CE4175F8C7400A17045 /* CMPopTipView.m in Sources */ = {isa = PBXBuildFile; fileRef = 99A66CD2175F8C7400A17045 /* CMPopTipView.m */; };
		99A66CE5175F8C7400A17045 /* UIColor+i7HexColor.m in Sources */ = {isa = PBXBuildFile; fileRef = 99A66CD5175F8C7400A17045 /* UIColor+i7HexColor.m */; };
		99A66CE6175F8C7400A17045 /* UIViewSizeShortcuts.m in Sources */ = {isa = PBXBuildFile; fileRef = 99A66CD7175F8C7400A17045 /* UIViewSizeShortcuts.m */; };
		99A66CE7175F8C7400A17045 /* XMLElement.m in Sources */ = {isa = PBXBuildFile; fileRef = 99A66CDA175F8C7400A17045 /* XMLElement.m */; };
		99A66CE8175F8C7400A17045 /* XMLParser.m in Sources */ = {isa = PBXBuildFile; fileRef = 99A66CDC175F8C7400A17045 /* XMLParser.m */; };
		99A66CE9175F8C7400A17045 /* XMLParserDelegate.m in Sources */ = {isa = PBXBuildFile; fileRef = 99A66CDE175F8C7400A17045 /* XMLParserDelegate.m */; };
		99A66CEA175F8C7400A17045 /* PlotChartView.m in Sources */ = {isa = PBXBuildFile; fileRef = 99A66CE0175F8C7400A17045 /* PlotChartView.m */; };
		99A66CEF175FE59900A17045 /* Crashlytics.framework in Frameworks */ = {isa = PBXBuildFile; fileRef = 99A66CEE175FE59900A17045 /* Crashlytics.framework */; };
		99A66CF1175FF1AD00A17045 /* QuartzCore.framework in Frameworks */ = {isa = PBXBuildFile; fileRef = 99A66CF0175FF1AD00A17045 /* QuartzCore.framework */; };
		FA20611A14EBEF4200D4F642 /* UIKit.framework in Frameworks */ = {isa = PBXBuildFile; fileRef = FA20611914EBEF4200D4F642 /* UIKit.framework */; };
		FA20611C14EBEF4200D4F642 /* Foundation.framework in Frameworks */ = {isa = PBXBuildFile; fileRef = FA20611B14EBEF4200D4F642 /* Foundation.framework */; };
		FA20611E14EBEF4200D4F642 /* CoreGraphics.framework in Frameworks */ = {isa = PBXBuildFile; fileRef = FA20611D14EBEF4200D4F642 /* CoreGraphics.framework */; };
		FA20612414EBEF4200D4F642 /* InfoPlist.strings in Resources */ = {isa = PBXBuildFile; fileRef = FA20612214EBEF4200D4F642 /* InfoPlist.strings */; };
		FA20612614EBEF4200D4F642 /* main.m in Sources */ = {isa = PBXBuildFile; fileRef = FA20612514EBEF4200D4F642 /* main.m */; };
		FA20612A14EBEF4200D4F642 /* AppDelegate.m in Sources */ = {isa = PBXBuildFile; fileRef = FA20612914EBEF4200D4F642 /* AppDelegate.m */; };
		FA56664B14EBFFF5006BBF89 /* RootController.m in Sources */ = {isa = PBXBuildFile; fileRef = FA56664A14EBFFF5006BBF89 /* RootController.m */; };
		FA56665514EC1E65006BBF89 /* barChart.xml in Resources */ = {isa = PBXBuildFile; fileRef = FA56665414EC1E65006BBF89 /* barChart.xml */; };
/* End PBXBuildFile section */

/* Begin PBXFileReference section */
		99A4BFA3175EA8C700DC4BF9 /* Default-568h@2x.png */ = {isa = PBXFileReference; lastKnownFileType = image.png; path = "Default-568h@2x.png"; sourceTree = "<group>"; };
		99A4BFA5175EA8E000DC4BF9 /* Storyboard-iPhone.storyboard */ = {isa = PBXFileReference; fileEncoding = 4; lastKnownFileType = file.storyboard; path = "Storyboard-iPhone.storyboard"; sourceTree = "<group>"; };
		99A4BFA7175ED06000DC4BF9 /* Storyboard-iPad.storyboard */ = {isa = PBXFileReference; fileEncoding = 4; lastKnownFileType = file.storyboard; path = "Storyboard-iPad.storyboard"; sourceTree = "<group>"; };
		99A4BFBF175ED58300DC4BF9 /* Icon.png */ = {isa = PBXFileReference; lastKnownFileType = image.png; path = Icon.png; sourceTree = "<group>"; };
		99A4BFC1175ED58600DC4BF9 /* Icon@2x.png */ = {isa = PBXFileReference; lastKnownFileType = image.png; path = "Icon@2x.png"; sourceTree = "<group>"; };
		99A4BFC3175ED58D00DC4BF9 /* Icon-72.png */ = {isa = PBXFileReference; lastKnownFileType = image.png; path = "Icon-72.png"; sourceTree = "<group>"; };
		99A4BFC5175ED59000DC4BF9 /* Icon-72@2x.png */ = {isa = PBXFileReference; lastKnownFileType = image.png; path = "Icon-72@2x.png"; sourceTree = "<group>"; };
		99A66CA5175F856C00A17045 /* BarChartIcon.png */ = {isa = PBXFileReference; lastKnownFileType = image.png; path = BarChartIcon.png; sourceTree = "<group>"; };
		99A66CC9175F8C7400A17045 /* BarChartView.h */ = {isa = PBXFileReference; fileEncoding = 4; lastKnownFileType = sourcecode.c.h; path = BarChartView.h; sourceTree = "<group>"; };
		99A66CCA175F8C7400A17045 /* BarChartView.m */ = {isa = PBXFileReference; fileEncoding = 4; lastKnownFileType = sourcecode.c.objc; path = BarChartView.m; sourceTree = "<group>"; };
		99A66CCB175F8C7400A17045 /* BarLabel.h */ = {isa = PBXFileReference; fileEncoding = 4; lastKnownFileType = sourcecode.c.h; path = BarLabel.h; sourceTree = "<group>"; };
		99A66CCC175F8C7400A17045 /* BarLabel.m */ = {isa = PBXFileReference; fileEncoding = 4; lastKnownFileType = sourcecode.c.objc; path = BarLabel.m; sourceTree = "<group>"; };
		99A66CCD175F8C7400A17045 /* BarView.h */ = {isa = PBXFileReference; fileEncoding = 4; lastKnownFileType = sourcecode.c.h; path = BarView.h; sourceTree = "<group>"; };
		99A66CCE175F8C7400A17045 /* BarView.m */ = {isa = PBXFileReference; fileEncoding = 4; lastKnownFileType = sourcecode.c.objc; path = BarView.m; sourceTree = "<group>"; };
		99A66CD1175F8C7400A17045 /* CMPopTipView.h */ = {isa = PBXFileReference; fileEncoding = 4; lastKnownFileType = sourcecode.c.h; path = CMPopTipView.h; sourceTree = "<group>"; };
		99A66CD2175F8C7400A17045 /* CMPopTipView.m */ = {isa = PBXFileReference; fileEncoding = 4; lastKnownFileType = sourcecode.c.objc; path = CMPopTipView.m; sourceTree = "<group>"; };
		99A66CD4175F8C7400A17045 /* UIColor+i7HexColor.h */ = {isa = PBXFileReference; fileEncoding = 4; lastKnownFileType = sourcecode.c.h; path = "UIColor+i7HexColor.h"; sourceTree = "<group>"; };
		99A66CD5175F8C7400A17045 /* UIColor+i7HexColor.m */ = {isa = PBXFileReference; fileEncoding = 4; lastKnownFileType = sourcecode.c.objc; path = "UIColor+i7HexColor.m"; sourceTree = "<group>"; };
		99A66CD6175F8C7400A17045 /* UIViewSizeShortcuts.h */ = {isa = PBXFileReference; fileEncoding = 4; lastKnownFileType = sourcecode.c.h; path = UIViewSizeShortcuts.h; sourceTree = "<group>"; };
		99A66CD7175F8C7400A17045 /* UIViewSizeShortcuts.m */ = {isa = PBXFileReference; fileEncoding = 4; lastKnownFileType = sourcecode.c.objc; path = UIViewSizeShortcuts.m; sourceTree = "<group>"; };
		99A66CD9175F8C7400A17045 /* XMLElement.h */ = {isa = PBXFileReference; fileEncoding = 4; lastKnownFileType = sourcecode.c.h; path = XMLElement.h; sourceTree = "<group>"; };
		99A66CDA175F8C7400A17045 /* XMLElement.m */ = {isa = PBXFileReference; fileEncoding = 4; lastKnownFileType = sourcecode.c.objc; path = XMLElement.m; sourceTree = "<group>"; };
		99A66CDB175F8C7400A17045 /* XMLParser.h */ = {isa = PBXFileReference; fileEncoding = 4; lastKnownFileType = sourcecode.c.h; path = XMLParser.h; sourceTree = "<group>"; };
		99A66CDC175F8C7400A17045 /* XMLParser.m */ = {isa = PBXFileReference; fileEncoding = 4; lastKnownFileType = sourcecode.c.objc; path = XMLParser.m; sourceTree = "<group>"; };
		99A66CDD175F8C7400A17045 /* XMLParserDelegate.h */ = {isa = PBXFileReference; fileEncoding = 4; lastKnownFileType = sourcecode.c.h; path = XMLParserDelegate.h; sourceTree = "<group>"; };
		99A66CDE175F8C7400A17045 /* XMLParserDelegate.m */ = {isa = PBXFileReference; fileEncoding = 4; lastKnownFileType = sourcecode.c.objc; path = XMLParserDelegate.m; sourceTree = "<group>"; };
		99A66CDF175F8C7400A17045 /* PlotChartView.h */ = {isa = PBXFileReference; fileEncoding = 4; lastKnownFileType = sourcecode.c.h; path = PlotChartView.h; sourceTree = "<group>"; };
		99A66CE0175F8C7400A17045 /* PlotChartView.m */ = {isa = PBXFileReference; fileEncoding = 4; lastKnownFileType = sourcecode.c.objc; path = PlotChartView.m; sourceTree = "<group>"; };
		99A66CEC175FC9BA00A17045 /* BarTypes.h */ = {isa = PBXFileReference; lastKnownFileType = sourcecode.c.h; path = BarTypes.h; sourceTree = "<group>"; };
		99A66CEE175FE59900A17045 /* Crashlytics.framework */ = {isa = PBXFileReference; lastKnownFileType = wrapper.framework; path = Crashlytics.framework; sourceTree = "<group>"; };
		99A66CF0175FF1AD00A17045 /* QuartzCore.framework */ = {isa = PBXFileReference; lastKnownFileType = wrapper.framework; name = QuartzCore.framework; path = System/Library/Frameworks/QuartzCore.framework; sourceTree = SDKROOT; };
		FA20611514EBEF4200D4F642 /* BarChart.app */ = {isa = PBXFileReference; explicitFileType = wrapper.application; includeInIndex = 0; path = BarChart.app; sourceTree = BUILT_PRODUCTS_DIR; };
		FA20611914EBEF4200D4F642 /* UIKit.framework */ = {isa = PBXFileReference; lastKnownFileType = wrapper.framework; name = UIKit.framework; path = System/Library/Frameworks/UIKit.framework; sourceTree = SDKROOT; };
		FA20611B14EBEF4200D4F642 /* Foundation.framework */ = {isa = PBXFileReference; lastKnownFileType = wrapper.framework; name = Foundation.framework; path = System/Library/Frameworks/Foundation.framework; sourceTree = SDKROOT; };
		FA20611D14EBEF4200D4F642 /* CoreGraphics.framework */ = {isa = PBXFileReference; lastKnownFileType = wrapper.framework; name = CoreGraphics.framework; path = System/Library/Frameworks/CoreGraphics.framework; sourceTree = SDKROOT; };
		FA20612114EBEF4200D4F642 /* BarChart-Info.plist */ = {isa = PBXFileReference; lastKnownFileType = text.plist.xml; path = "BarChart-Info.plist"; sourceTree = "<group>"; };
		FA20612314EBEF4200D4F642 /* en */ = {isa = PBXFileReference; lastKnownFileType = text.plist.strings; name = en; path = en.lproj/InfoPlist.strings; sourceTree = "<group>"; };
		FA20612514EBEF4200D4F642 /* main.m */ = {isa = PBXFileReference; lastKnownFileType = sourcecode.c.objc; path = main.m; sourceTree = "<group>"; };
		FA20612714EBEF4200D4F642 /* BarChart-Prefix.pch */ = {isa = PBXFileReference; lastKnownFileType = sourcecode.c.h; path = "BarChart-Prefix.pch"; sourceTree = "<group>"; };
		FA20612814EBEF4200D4F642 /* AppDelegate.h */ = {isa = PBXFileReference; lastKnownFileType = sourcecode.c.h; path = AppDelegate.h; sourceTree = "<group>"; };
		FA20612914EBEF4200D4F642 /* AppDelegate.m */ = {isa = PBXFileReference; lastKnownFileType = sourcecode.c.objc; path = AppDelegate.m; sourceTree = "<group>"; };
		FA56664914EBFFF5006BBF89 /* RootController.h */ = {isa = PBXFileReference; fileEncoding = 4; lastKnownFileType = sourcecode.c.h; path = RootController.h; sourceTree = "<group>"; };
		FA56664A14EBFFF5006BBF89 /* RootController.m */ = {isa = PBXFileReference; fileEncoding = 4; lastKnownFileType = sourcecode.c.objc; path = RootController.m; sourceTree = "<group>"; };
		FA56665414EC1E65006BBF89 /* barChart.xml */ = {isa = PBXFileReference; fileEncoding = 4; lastKnownFileType = text.xml; name = barChart.xml; path = Data/barChart.xml; sourceTree = "<group>"; };
/* End PBXFileReference section */

/* Begin PBXFrameworksBuildPhase section */
		FA20611214EBEF4200D4F642 /* Frameworks */ = {
			isa = PBXFrameworksBuildPhase;
			buildActionMask = 2147483647;
			files = (
				99A66CF1175FF1AD00A17045 /* QuartzCore.framework in Frameworks */,
				FA20611A14EBEF4200D4F642 /* UIKit.framework in Frameworks */,
				FA20611C14EBEF4200D4F642 /* Foundation.framework in Frameworks */,
				FA20611E14EBEF4200D4F642 /* CoreGraphics.framework in Frameworks */,
				99A66CEF175FE59900A17045 /* Crashlytics.framework in Frameworks */,
			);
			runOnlyForDeploymentPostprocessing = 0;
		};
/* End PBXFrameworksBuildPhase section */

/* Begin PBXGroup section */
		99A4BFC7175ED5B500DC4BF9 /* Icons */ = {
			isa = PBXGroup;
			children = (
				99A66CA5175F856C00A17045 /* BarChartIcon.png */,
				99A4BFC5175ED59000DC4BF9 /* Icon-72@2x.png */,
				99A4BFC3175ED58D00DC4BF9 /* Icon-72.png */,
				99A4BFC1175ED58600DC4BF9 /* Icon@2x.png */,
				99A4BFBF175ED58300DC4BF9 /* Icon.png */,
				99A4BFA3175EA8C700DC4BF9 /* Default-568h@2x.png */,
			);
			name = Icons;
			sourceTree = "<group>";
		};
		99A66CC8175F8C7400A17045 /* BarChart Library */ = {
			isa = PBXGroup;
			children = (
				99A66CC9175F8C7400A17045 /* BarChartView.h */,
				99A66CCA175F8C7400A17045 /* BarChartView.m */,
				99A66CCB175F8C7400A17045 /* BarLabel.h */,
				99A66CCC175F8C7400A17045 /* BarLabel.m */,
				99A66CCD175F8C7400A17045 /* BarView.h */,
				99A66CCE175F8C7400A17045 /* BarView.m */,
				99A66CDF175F8C7400A17045 /* PlotChartView.h */,
				99A66CE0175F8C7400A17045 /* PlotChartView.m */,
				99A66CEC175FC9BA00A17045 /* BarTypes.h */,
				99A66CCF175F8C7400A17045 /* External */,
			);
			path = "BarChart Library";
			sourceTree = "<group>";
		};
		99A66CCF175F8C7400A17045 /* External */ = {
			isa = PBXGroup;
			children = (
				99A66CD0175F8C7400A17045 /* CMPopTipView */,
				99A66CD3175F8C7400A17045 /* Helpers */,
				99A66CD8175F8C7400A17045 /* XMLParser */,
			);
			path = External;
			sourceTree = "<group>";
		};
		99A66CD0175F8C7400A17045 /* CMPopTipView */ = {
			isa = PBXGroup;
			children = (
				99A66CD1175F8C7400A17045 /* CMPopTipView.h */,
				99A66CD2175F8C7400A17045 /* CMPopTipView.m */,
			);
			path = CMPopTipView;
			sourceTree = "<group>";
		};
		99A66CD3175F8C7400A17045 /* Helpers */ = {
			isa = PBXGroup;
			children = (
				99A66CD4175F8C7400A17045 /* UIColor+i7HexColor.h */,
				99A66CD5175F8C7400A17045 /* UIColor+i7HexColor.m */,
				99A66CD6175F8C7400A17045 /* UIViewSizeShortcuts.h */,
				99A66CD7175F8C7400A17045 /* UIViewSizeShortcuts.m */,
			);
			path = Helpers;
			sourceTree = "<group>";
		};
		99A66CD8175F8C7400A17045 /* XMLParser */ = {
			isa = PBXGroup;
			children = (
				99A66CD9175F8C7400A17045 /* XMLElement.h */,
				99A66CDA175F8C7400A17045 /* XMLElement.m */,
				99A66CDB175F8C7400A17045 /* XMLParser.h */,
				99A66CDC175F8C7400A17045 /* XMLParser.m */,
				99A66CDD175F8C7400A17045 /* XMLParserDelegate.h */,
				99A66CDE175F8C7400A17045 /* XMLParserDelegate.m */,
			);
			path = XMLParser;
			sourceTree = "<group>";
		};
		FA20610A14EBEF4100D4F642 = {
			isa = PBXGroup;
			children = (
				99A4BFC7175ED5B500DC4BF9 /* Icons */,
				FA20611F14EBEF4200D4F642 /* BarChart */,
				FA20611814EBEF4200D4F642 /* Frameworks */,
				FA20611614EBEF4200D4F642 /* Products */,
			);
			sourceTree = "<group>";
		};
		FA20611614EBEF4200D4F642 /* Products */ = {
			isa = PBXGroup;
			children = (
				FA20611514EBEF4200D4F642 /* BarChart.app */,
			);
			name = Products;
			sourceTree = "<group>";
		};
		FA20611814EBEF4200D4F642 /* Frameworks */ = {
			isa = PBXGroup;
			children = (
				99A66CF0175FF1AD00A17045 /* QuartzCore.framework */,
				99A66CEE175FE59900A17045 /* Crashlytics.framework */,
				FA20611914EBEF4200D4F642 /* UIKit.framework */,
				FA20611B14EBEF4200D4F642 /* Foundation.framework */,
				FA20611D14EBEF4200D4F642 /* CoreGraphics.framework */,
			);
			name = Frameworks;
			sourceTree = "<group>";
		};
		FA20611F14EBEF4200D4F642 /* BarChart */ = {
			isa = PBXGroup;
			children = (
				99A66CC8175F8C7400A17045 /* BarChart Library */,
				FA56665314EC1AE0006BBF89 /* BarChart Data */,
				FA20612814EBEF4200D4F642 /* AppDelegate.h */,
				FA20612914EBEF4200D4F642 /* AppDelegate.m */,
				99A4BFA5175EA8E000DC4BF9 /* Storyboard-iPhone.storyboard */,
				99A4BFA7175ED06000DC4BF9 /* Storyboard-iPad.storyboard */,
				FA56664914EBFFF5006BBF89 /* RootController.h */,
				FA56664A14EBFFF5006BBF89 /* RootController.m */,
				FA20612014EBEF4200D4F642 /* Supporting Files */,
			);
			path = BarChart;
			sourceTree = "<group>";
		};
		FA20612014EBEF4200D4F642 /* Supporting Files */ = {
			isa = PBXGroup;
			children = (
				FA20612114EBEF4200D4F642 /* BarChart-Info.plist */,
				FA20612214EBEF4200D4F642 /* InfoPlist.strings */,
				FA20612514EBEF4200D4F642 /* main.m */,
				FA20612714EBEF4200D4F642 /* BarChart-Prefix.pch */,
			);
			name = "Supporting Files";
			sourceTree = "<group>";
		};
		FA56665314EC1AE0006BBF89 /* BarChart Data */ = {
			isa = PBXGroup;
			children = (
				FA56665414EC1E65006BBF89 /* barChart.xml */,
			);
			name = "BarChart Data";
			sourceTree = "<group>";
		};
/* End PBXGroup section */

/* Begin PBXNativeTarget section */
		FA20611414EBEF4200D4F642 /* BarChart */ = {
			isa = PBXNativeTarget;
			buildConfigurationList = FA20612D14EBEF4200D4F642 /* Build configuration list for PBXNativeTarget "BarChart" */;
			buildPhases = (
				99A4BFA9175ED18600DC4BF9 /* Increment Build */,
				99A66CED175FE58000A17045 /* ShellScript */,
				FA20611114EBEF4200D4F642 /* Sources */,
				FA20611214EBEF4200D4F642 /* Frameworks */,
				FA20611314EBEF4200D4F642 /* Resources */,
			);
			buildRules = (
			);
			dependencies = (
			);
			name = BarChart;
			productName = BarChart;
			productReference = FA20611514EBEF4200D4F642 /* BarChart.app */;
			productType = "com.apple.product-type.application";
		};
/* End PBXNativeTarget section */

/* Begin PBXProject section */
		FA20610C14EBEF4100D4F642 /* Project object */ = {
			isa = PBXProject;
			attributes = {
				LastUpgradeCheck = 0420;
			};
			buildConfigurationList = FA20610F14EBEF4100D4F642 /* Build configuration list for PBXProject "BarChart" */;
			compatibilityVersion = "Xcode 3.2";
			developmentRegion = English;
			hasScannedForEncodings = 0;
			knownRegions = (
				en,
			);
			mainGroup = FA20610A14EBEF4100D4F642;
			productRefGroup = FA20611614EBEF4200D4F642 /* Products */;
			projectDirPath = "";
			projectRoot = "";
			targets = (
				FA20611414EBEF4200D4F642 /* BarChart */,
			);
		};
/* End PBXProject section */

/* Begin PBXResourcesBuildPhase section */
		FA20611314EBEF4200D4F642 /* Resources */ = {
			isa = PBXResourcesBuildPhase;
			buildActionMask = 2147483647;
			files = (
				FA20612414EBEF4200D4F642 /* InfoPlist.strings in Resources */,
				FA56665514EC1E65006BBF89 /* barChart.xml in Resources */,
				99A4BFA4175EA8C700DC4BF9 /* Default-568h@2x.png in Resources */,
				99A4BFA6175EA8E000DC4BF9 /* Storyboard-iPhone.storyboard in Resources */,
				99A4BFA8175ED06000DC4BF9 /* Storyboard-iPad.storyboard in Resources */,
				99A4BFC0175ED58300DC4BF9 /* Icon.png in Resources */,
				99A4BFC2175ED58600DC4BF9 /* Icon@2x.png in Resources */,
				99A4BFC4175ED58D00DC4BF9 /* Icon-72.png in Resources */,
				99A4BFC6175ED59000DC4BF9 /* Icon-72@2x.png in Resources */,
				99A66CA6175F856C00A17045 /* BarChartIcon.png in Resources */,
			);
			runOnlyForDeploymentPostprocessing = 0;
		};
/* End PBXResourcesBuildPhase section */

/* Begin PBXShellScriptBuildPhase section */
		99A4BFA9175ED18600DC4BF9 /* Increment Build */ = {
			isa = PBXShellScriptBuildPhase;
			buildActionMask = 2147483647;
			files = (
			);
			inputPaths = (
			);
			name = "Increment Build";
			outputPaths = (
			);
			runOnlyForDeploymentPostprocessing = 0;
			shellPath = /bin/bash;
			shellScript = "buildNumber=$(/usr/libexec/PlistBuddy -c \"Print CFBundleVersion\" \"${PROJECT_DIR}/${INFOPLIST_FILE}\")\nbuildNumber=$(($buildNumber + 1))\n/usr/libexec/PlistBuddy -c \"Set :CFBundleVersion $buildNumber\" \"${PROJECT_DIR}/${INFOPLIST_FILE}\"";
		};
		99A66CED175FE58000A17045 /* ShellScript */ = {
			isa = PBXShellScriptBuildPhase;
			buildActionMask = 2147483647;
			files = (
			);
			inputPaths = (
			);
			outputPaths = (
			);
			runOnlyForDeploymentPostprocessing = 0;
			shellPath = /bin/sh;
			shellScript = "./Crashlytics.framework/run c92fea94396caf3d64cac6cd0da71911f352c5eb";
		};
/* End PBXShellScriptBuildPhase section */

/* Begin PBXSourcesBuildPhase section */
		FA20611114EBEF4200D4F642 /* Sources */ = {
			isa = PBXSourcesBuildPhase;
			buildActionMask = 2147483647;
			files = (
				FA20612614EBEF4200D4F642 /* main.m in Sources */,
				FA20612A14EBEF4200D4F642 /* AppDelegate.m in Sources */,
				FA56664B14EBFFF5006BBF89 /* RootController.m in Sources */,
				99A66CE1175F8C7400A17045 /* BarChartView.m in Sources */,
				99A66CE2175F8C7400A17045 /* BarLabel.m in Sources */,
				99A66CE3175F8C7400A17045 /* BarView.m in Sources */,
				99A66CE4175F8C7400A17045 /* CMPopTipView.m in Sources */,
				99A66CE5175F8C7400A17045 /* UIColor+i7HexColor.m in Sources */,
				99A66CE6175F8C7400A17045 /* UIViewSizeShortcuts.m in Sources */,
				99A66CE7175F8C7400A17045 /* XMLElement.m in Sources */,
				99A66CE8175F8C7400A17045 /* XMLParser.m in Sources */,
				99A66CE9175F8C7400A17045 /* XMLParserDelegate.m in Sources */,
				99A66CEA175F8C7400A17045 /* PlotChartView.m in Sources */,
			);
			runOnlyForDeploymentPostprocessing = 0;
		};
/* End PBXSourcesBuildPhase section */

/* Begin PBXVariantGroup section */
		FA20612214EBEF4200D4F642 /* InfoPlist.strings */ = {
			isa = PBXVariantGroup;
			children = (
				FA20612314EBEF4200D4F642 /* en */,
			);
			name = InfoPlist.strings;
			sourceTree = "<group>";
		};
/* End PBXVariantGroup section */

/* Begin XCBuildConfiguration section */
		FA20612B14EBEF4200D4F642 /* Debug */ = {
			isa = XCBuildConfiguration;
			buildSettings = {
				ALWAYS_SEARCH_USER_PATHS = NO;
				ARCHS = (
					armv6,
					armv7,
				);
				"CODE_SIGN_IDENTITY[sdk=iphoneos*]" = "iPhone Developer";
				COPY_PHASE_STRIP = NO;
				GCC_C_LANGUAGE_STANDARD = gnu99;
				GCC_DYNAMIC_NO_PIC = NO;
				GCC_OPTIMIZATION_LEVEL = 0;
				GCC_PREPROCESSOR_DEFINITIONS = (
					"DEBUG=1",
					"$(inherited)",
				);
				GCC_SYMBOLS_PRIVATE_EXTERN = NO;
				GCC_VERSION = com.apple.compilers.llvm.clang.1_0;
				GCC_WARN_ABOUT_MISSING_PROTOTYPES = YES;
				GCC_WARN_ABOUT_RETURN_TYPE = YES;
				GCC_WARN_UNUSED_VARIABLE = YES;
				IPHONEOS_DEPLOYMENT_TARGET = 4.2;
				SDKROOT = iphoneos;
				TARGETED_DEVICE_FAMILY = "1,2";
			};
			name = Debug;
		};
		FA20612C14EBEF4200D4F642 /* Release */ = {
			isa = XCBuildConfiguration;
			buildSettings = {
				ALWAYS_SEARCH_USER_PATHS = NO;
				ARCHS = (
					armv6,
					armv7,
				);
				"CODE_SIGN_IDENTITY[sdk=iphoneos*]" = "iPhone Developer";
				COPY_PHASE_STRIP = YES;
				GCC_C_LANGUAGE_STANDARD = gnu99;
				GCC_VERSION = com.apple.compilers.llvm.clang.1_0;
				GCC_WARN_ABOUT_MISSING_PROTOTYPES = YES;
				GCC_WARN_ABOUT_RETURN_TYPE = YES;
				GCC_WARN_UNUSED_VARIABLE = YES;
				IPHONEOS_DEPLOYMENT_TARGET = 4.2;
				OTHER_CFLAGS = "-DNS_BLOCK_ASSERTIONS=1";
				SDKROOT = iphoneos;
				TARGETED_DEVICE_FAMILY = "1,2";
				VALIDATE_PRODUCT = YES;
			};
			name = Release;
		};
		FA20612E14EBEF4200D4F642 /* Debug */ = {
			isa = XCBuildConfiguration;
			buildSettings = {
				ARCHS = "$(ARCHS_STANDARD_32_BIT)";
				CLANG_ENABLE_OBJC_ARC = YES;
				FRAMEWORK_SEARCH_PATHS = (
					"$(inherited)",
					"\"$(SRCROOT)\"",
				);
				GCC_PRECOMPILE_PREFIX_HEADER = YES;
				GCC_PREFIX_HEADER = "BarChart/BarChart-Prefix.pch";
				GCC_VERSION = "";
				INFOPLIST_FILE = "BarChart/BarChart-Info.plist";
				IPHONEOS_DEPLOYMENT_TARGET = 5.0;
				PRODUCT_NAME = "$(TARGET_NAME)";
				WRAPPER_EXTENSION = app;
			};
			name = Debug;
		};
		FA20612F14EBEF4200D4F642 /* Release */ = {
			isa = XCBuildConfiguration;
			buildSettings = {
				ARCHS = "$(ARCHS_STANDARD_32_BIT)";
				CLANG_ENABLE_OBJC_ARC = YES;
				FRAMEWORK_SEARCH_PATHS = (
					"$(inherited)",
					"\"$(SRCROOT)\"",
				);
				GCC_PRECOMPILE_PREFIX_HEADER = YES;
				GCC_PREFIX_HEADER = "BarChart/BarChart-Prefix.pch";
				GCC_VERSION = "";
				INFOPLIST_FILE = "BarChart/BarChart-Info.plist";
				IPHONEOS_DEPLOYMENT_TARGET = 5.0;
				PRODUCT_NAME = "$(TARGET_NAME)";
				WRAPPER_EXTENSION = app;
			};
			name = Release;
		};
/* End XCBuildConfiguration section */

/* Begin XCConfigurationList section */
		FA20610F14EBEF4100D4F642 /* Build configuration list for PBXProject "BarChart" */ = {
			isa = XCConfigurationList;
			buildConfigurations = (
				FA20612B14EBEF4200D4F642 /* Debug */,
				FA20612C14EBEF4200D4F642 /* Release */,
			);
			defaultConfigurationIsVisible = 0;
			defaultConfigurationName = Release;
		};
		FA20612D14EBEF4200D4F642 /* Build configuration list for PBXNativeTarget "BarChart" */ = {
			isa = XCConfigurationList;
			buildConfigurations = (
				FA20612E14EBEF4200D4F642 /* Debug */,
				FA20612F14EBEF4200D4F642 /* Release */,
			);
			defaultConfigurationIsVisible = 0;
			defaultConfigurationName = Release;
		};
/* End XCConfigurationList section */
	};
	rootObject = FA20610C14EBEF4100D4F642 /* Project object */;
}
