// !$*UTF8*$!
{
	archiveVersion = 1;
	classes = {
	};
	objectVersion = 46;
	objects = {

/* Begin PBXBuildFile section */
		FA20611A14EBEF4200D4F642 /* UIKit.framework in Frameworks */ = {isa = PBXBuildFile; fileRef = FA20611914EBEF4200D4F642 /* UIKit.framework */; };
		FA20611C14EBEF4200D4F642 /* Foundation.framework in Frameworks */ = {isa = PBXBuildFile; fileRef = FA20611B14EBEF4200D4F642 /* Foundation.framework */; };
		FA20611E14EBEF4200D4F642 /* CoreGraphics.framework in Frameworks */ = {isa = PBXBuildFile; fileRef = FA20611D14EBEF4200D4F642 /* CoreGraphics.framework */; };
		FA20612414EBEF4200D4F642 /* InfoPlist.strings in Resources */ = {isa = PBXBuildFile; fileRef = FA20612214EBEF4200D4F642 /* InfoPlist.strings */; };
		FA20612614EBEF4200D4F642 /* main.m in Sources */ = {isa = PBXBuildFile; fileRef = FA20612514EBEF4200D4F642 /* main.m */; };
		FA20612A14EBEF4200D4F642 /* AppDelegate.m in Sources */ = {isa = PBXBuildFile; fileRef = FA20612914EBEF4200D4F642 /* AppDelegate.m */; };
		FA56664B14EBFFF5006BBF89 /* RootController.m in Sources */ = {isa = PBXBuildFile; fileRef = FA56664A14EBFFF5006BBF89 /* RootController.m */; };
		FA56665514EC1E65006BBF89 /* barChart.xml in Resources */ = {isa = PBXBuildFile; fileRef = FA56665414EC1E65006BBF89 /* barChart.xml */; };
		FAAFB6C814EEB5ED00AAD768 /* CMPopTipView.m in Sources */ = {isa = PBXBuildFile; fileRef = FAAFB6C614EEB5ED00AAD768 /* CMPopTipView.m */; };
		FAAFB6CF14EEB5FB00AAD768 /* XMLParserDelegate.m in Sources */ = {isa = PBXBuildFile; fileRef = FAAFB6C914EEB5FB00AAD768 /* XMLParserDelegate.m */; };
		FAAFB6D014EEB5FB00AAD768 /* XMLParser.m in Sources */ = {isa = PBXBuildFile; fileRef = FAAFB6CB14EEB5FB00AAD768 /* XMLParser.m */; };
		FAAFB6D114EEB5FB00AAD768 /* XMLElement.m in Sources */ = {isa = PBXBuildFile; fileRef = FAAFB6CD14EEB5FB00AAD768 /* XMLElement.m */; };
		FAAFB6D614EEB60500AAD768 /* UIViewSizeShortcuts.m in Sources */ = {isa = PBXBuildFile; fileRef = FAAFB6D214EEB60500AAD768 /* UIViewSizeShortcuts.m */; };
		FAAFB6D714EEB60500AAD768 /* UIColor+i7HexColor.m in Sources */ = {isa = PBXBuildFile; fileRef = FAAFB6D414EEB60500AAD768 /* UIColor+i7HexColor.m */; };
		FAAFB6E014EEB61C00AAD768 /* PlotChartView.m in Sources */ = {isa = PBXBuildFile; fileRef = FAAFB6D814EEB61C00AAD768 /* PlotChartView.m */; };
		FAAFB6E114EEB61C00AAD768 /* BarLabel.m in Sources */ = {isa = PBXBuildFile; fileRef = FAAFB6DA14EEB61C00AAD768 /* BarLabel.m */; };
		FAAFB6E214EEB61C00AAD768 /* BarChartView.m in Sources */ = {isa = PBXBuildFile; fileRef = FAAFB6DC14EEB61C00AAD768 /* BarChartView.m */; };
		FAAFB6E314EEB61C00AAD768 /* BarView.m in Sources */ = {isa = PBXBuildFile; fileRef = FAAFB6DE14EEB61C00AAD768 /* BarView.m */; };
/* End PBXBuildFile section */

/* Begin PBXFileReference section */
		FA20611514EBEF4200D4F642 /* BarChart.app */ = {isa = PBXFileReference; explicitFileType = wrapper.application; includeInIndex = 0; path = BarChart.app; sourceTree = BUILT_PRODUCTS_DIR; };
		FA20611914EBEF4200D4F642 /* UIKit.framework */ = {isa = PBXFileReference; lastKnownFileType = wrapper.framework; name = UIKit.framework; path = System/Library/Frameworks/UIKit.framework; sourceTree = SDKROOT; };
		FA20611B14EBEF4200D4F642 /* Foundation.framework */ = {isa = PBXFileReference; lastKnownFileType = wrapper.framework; name = Foundation.framework; path = System/Library/Frameworks/Foundation.framework; sourceTree = SDKROOT; };
		FA20611D14EBEF4200D4F642 /* CoreGraphics.framework */ = {isa = PBXFileReference; lastKnownFileType = wrapper.framework; name = CoreGraphics.framework; path = System/Library/Frameworks/CoreGraphics.framework; sourceTree = SDKROOT; };
		FA20612114EBEF4200D4F642 /* BarChart-Info.plist */ = {isa = PBXFileReference; lastKnownFileType = text.plist.xml; path = "BarChart-Info.plist"; sourceTree = "<group>"; };
		FA20612314EBEF4200D4F642 /* en */ = {isa = PBXFileReference; lastKnownFileType = text.plist.strings; name = en; path = en.lproj/InfoPlist.strings; sourceTree = "<group>"; };
		FA20612514EBEF4200D4F642 /* main.m */ = {isa = PBXFileReference; lastKnownFileType = sourcecode.c.objc; path = main.m; sourceTree = "<group>"; };
		FA20612714EBEF4200D4F642 /* BarChart-Prefix.pch */ = {isa = PBXFileReference; lastKnownFileType = sourcecode.c.h; path = "BarChart-Prefix.pch"; sourceTree = "<group>"; };
		FA20612814EBEF4200D4F642 /* AppDelegate.h */ = {isa = PBXFileReference; lastKnownFileType = sourcecode.c.h; path = AppDelegate.h; sourceTree = "<group>"; };
		FA20612914EBEF4200D4F642 /* AppDelegate.m */ = {isa = PBXFileReference; lastKnownFileType = sourcecode.c.objc; path = AppDelegate.m; sourceTree = "<group>"; };
		FA56664914EBFFF5006BBF89 /* RootController.h */ = {isa = PBXFileReference; fileEncoding = 4; lastKnownFileType = sourcecode.c.h; name = RootController.h; path = Shared/Controllers/RootController.h; sourceTree = "<group>"; };
		FA56664A14EBFFF5006BBF89 /* RootController.m */ = {isa = PBXFileReference; fileEncoding = 4; lastKnownFileType = sourcecode.c.objc; name = RootController.m; path = Shared/Controllers/RootController.m; sourceTree = "<group>"; };
		FA56665414EC1E65006BBF89 /* barChart.xml */ = {isa = PBXFileReference; fileEncoding = 4; lastKnownFileType = text.xml; name = barChart.xml; path = Shared/Data/barChart.xml; sourceTree = "<group>"; };
		FAAFB6C614EEB5ED00AAD768 /* CMPopTipView.m */ = {isa = PBXFileReference; fileEncoding = 4; lastKnownFileType = sourcecode.c.objc; name = CMPopTipView.m; path = Shared/Common/BarChart/External/CMPopTipView/CMPopTipView.m; sourceTree = "<group>"; };
		FAAFB6C714EEB5ED00AAD768 /* CMPopTipView.h */ = {isa = PBXFileReference; fileEncoding = 4; lastKnownFileType = sourcecode.c.h; name = CMPopTipView.h; path = Shared/Common/BarChart/External/CMPopTipView/CMPopTipView.h; sourceTree = "<group>"; };
		FAAFB6C914EEB5FB00AAD768 /* XMLParserDelegate.m */ = {isa = PBXFileReference; fileEncoding = 4; lastKnownFileType = sourcecode.c.objc; name = XMLParserDelegate.m; path = Shared/Common/BarChart/External/XMLParser/XMLParserDelegate.m; sourceTree = "<group>"; };
		FAAFB6CA14EEB5FB00AAD768 /* XMLParserDelegate.h */ = {isa = PBXFileReference; fileEncoding = 4; lastKnownFileType = sourcecode.c.h; name = XMLParserDelegate.h; path = Shared/Common/BarChart/External/XMLParser/XMLParserDelegate.h; sourceTree = "<group>"; };
		FAAFB6CB14EEB5FB00AAD768 /* XMLParser.m */ = {isa = PBXFileReference; fileEncoding = 4; lastKnownFileType = sourcecode.c.objc; name = XMLParser.m; path = Shared/Common/BarChart/External/XMLParser/XMLParser.m; sourceTree = "<group>"; };
		FAAFB6CC14EEB5FB00AAD768 /* XMLParser.h */ = {isa = PBXFileReference; fileEncoding = 4; lastKnownFileType = sourcecode.c.h; name = XMLParser.h; path = Shared/Common/BarChart/External/XMLParser/XMLParser.h; sourceTree = "<group>"; };
		FAAFB6CD14EEB5FB00AAD768 /* XMLElement.m */ = {isa = PBXFileReference; fileEncoding = 4; lastKnownFileType = sourcecode.c.objc; name = XMLElement.m; path = Shared/Common/BarChart/External/XMLParser/XMLElement.m; sourceTree = "<group>"; };
		FAAFB6CE14EEB5FB00AAD768 /* XMLElement.h */ = {isa = PBXFileReference; fileEncoding = 4; lastKnownFileType = sourcecode.c.h; name = XMLElement.h; path = Shared/Common/BarChart/External/XMLParser/XMLElement.h; sourceTree = "<group>"; };
		FAAFB6D214EEB60500AAD768 /* UIViewSizeShortcuts.m */ = {isa = PBXFileReference; fileEncoding = 4; lastKnownFileType = sourcecode.c.objc; name = UIViewSizeShortcuts.m; path = Shared/Common/BarChart/External/Helpers/UIViewSizeShortcuts.m; sourceTree = "<group>"; };
		FAAFB6D314EEB60500AAD768 /* UIViewSizeShortcuts.h */ = {isa = PBXFileReference; fileEncoding = 4; lastKnownFileType = sourcecode.c.h; name = UIViewSizeShortcuts.h; path = Shared/Common/BarChart/External/Helpers/UIViewSizeShortcuts.h; sourceTree = "<group>"; };
		FAAFB6D414EEB60500AAD768 /* UIColor+i7HexColor.m */ = {isa = PBXFileReference; fileEncoding = 4; lastKnownFileType = sourcecode.c.objc; name = "UIColor+i7HexColor.m"; path = "Shared/Common/BarChart/External/Helpers/UIColor+i7HexColor.m"; sourceTree = "<group>"; };
		FAAFB6D514EEB60500AAD768 /* UIColor+i7HexColor.h */ = {isa = PBXFileReference; fileEncoding = 4; lastKnownFileType = sourcecode.c.h; name = "UIColor+i7HexColor.h"; path = "Shared/Common/BarChart/External/Helpers/UIColor+i7HexColor.h"; sourceTree = "<group>"; };
		FAAFB6D814EEB61C00AAD768 /* PlotChartView.m */ = {isa = PBXFileReference; fileEncoding = 4; lastKnownFileType = sourcecode.c.objc; name = PlotChartView.m; path = Shared/Common/BarChart/PlotChartView.m; sourceTree = "<group>"; };
		FAAFB6D914EEB61C00AAD768 /* PlotChartView.h */ = {isa = PBXFileReference; fileEncoding = 4; name = PlotChartView.h; path = Shared/Common/BarChart/PlotChartView.h; sourceTree = "<group>"; };
		FAAFB6DA14EEB61C00AAD768 /* BarLabel.m */ = {isa = PBXFileReference; fileEncoding = 4; lastKnownFileType = sourcecode.c.objc; name = BarLabel.m; path = Shared/Common/BarChart/BarLabel.m; sourceTree = "<group>"; };
		FAAFB6DB14EEB61C00AAD768 /* BarLabel.h */ = {isa = PBXFileReference; fileEncoding = 4; lastKnownFileType = sourcecode.c.h; name = BarLabel.h; path = Shared/Common/BarChart/BarLabel.h; sourceTree = "<group>"; };
		FAAFB6DC14EEB61C00AAD768 /* BarChartView.m */ = {isa = PBXFileReference; fileEncoding = 4; lastKnownFileType = sourcecode.c.objc; name = BarChartView.m; path = Shared/Common/BarChart/BarChartView.m; sourceTree = "<group>"; };
		FAAFB6DD14EEB61C00AAD768 /* BarChartView.h */ = {isa = PBXFileReference; fileEncoding = 4; name = BarChartView.h; path = Shared/Common/BarChart/BarChartView.h; sourceTree = "<group>"; };
		FAAFB6DE14EEB61C00AAD768 /* BarView.m */ = {isa = PBXFileReference; fileEncoding = 4; lastKnownFileType = sourcecode.c.objc; name = BarView.m; path = Shared/Common/BarChart/BarView.m; sourceTree = "<group>"; };
		FAAFB6DF14EEB61C00AAD768 /* BarView.h */ = {isa = PBXFileReference; fileEncoding = 4; name = BarView.h; path = Shared/Common/BarChart/BarView.h; sourceTree = "<group>"; };
/* End PBXFileReference section */

/* Begin PBXFrameworksBuildPhase section */
		FA20611214EBEF4200D4F642 /* Frameworks */ = {
			isa = PBXFrameworksBuildPhase;
			buildActionMask = 2147483647;
			files = (
				FA20611A14EBEF4200D4F642 /* UIKit.framework in Frameworks */,
				FA20611C14EBEF4200D4F642 /* Foundation.framework in Frameworks */,
				FA20611E14EBEF4200D4F642 /* CoreGraphics.framework in Frameworks */,
			);
			runOnlyForDeploymentPostprocessing = 0;
		};
/* End PBXFrameworksBuildPhase section */

/* Begin PBXGroup section */
		FA20610A14EBEF4100D4F642 = {
			isa = PBXGroup;
			children = (
				FA20611F14EBEF4200D4F642 /* BarChart */,
				FA20611814EBEF4200D4F642 /* Frameworks */,
				FA20611614EBEF4200D4F642 /* Products */,
			);
			sourceTree = "<group>";
		};
		FA20611614EBEF4200D4F642 /* Products */ = {
			isa = PBXGroup;
			children = (
				FA20611514EBEF4200D4F642 /* BarChart.app */,
			);
			name = Products;
			sourceTree = "<group>";
		};
		FA20611814EBEF4200D4F642 /* Frameworks */ = {
			isa = PBXGroup;
			children = (
				FA20611914EBEF4200D4F642 /* UIKit.framework */,
				FA20611B14EBEF4200D4F642 /* Foundation.framework */,
				FA20611D14EBEF4200D4F642 /* CoreGraphics.framework */,
			);
			name = Frameworks;
			sourceTree = "<group>";
		};
		FA20611F14EBEF4200D4F642 /* BarChart */ = {
			isa = PBXGroup;
			children = (
				FA56663314EBFF68006BBF89 /* Shared */,
				FA20612814EBEF4200D4F642 /* AppDelegate.h */,
				FA20612914EBEF4200D4F642 /* AppDelegate.m */,
				FA20612014EBEF4200D4F642 /* Supporting Files */,
			);
			path = BarChart;
			sourceTree = "<group>";
		};
		FA20612014EBEF4200D4F642 /* Supporting Files */ = {
			isa = PBXGroup;
			children = (
				FA20612114EBEF4200D4F642 /* BarChart-Info.plist */,
				FA20612214EBEF4200D4F642 /* InfoPlist.strings */,
				FA20612514EBEF4200D4F642 /* main.m */,
				FA20612714EBEF4200D4F642 /* BarChart-Prefix.pch */,
			);
			name = "Supporting Files";
			sourceTree = "<group>";
		};
		FA56663314EBFF68006BBF89 /* Shared */ = {
			isa = PBXGroup;
			children = (
				FA56665314EC1AE0006BBF89 /* Data */,
				FA56663714EBFF80006BBF89 /* Common */,
				FA56663514EBFF72006BBF89 /* Controllers */,
			);
			name = Shared;
			sourceTree = "<group>";
		};
		FA56663514EBFF72006BBF89 /* Controllers */ = {
			isa = PBXGroup;
			children = (
				FA56664914EBFFF5006BBF89 /* RootController.h */,
				FA56664A14EBFFF5006BBF89 /* RootController.m */,
			);
			name = Controllers;
			sourceTree = "<group>";
		};
		FA56663714EBFF80006BBF89 /* Common */ = {
			isa = PBXGroup;
			children = (
				FAAFB6C114EEB5AB00AAD768 /* BarChart */,
			);
			name = Common;
			sourceTree = "<group>";
		};
		FA56665314EC1AE0006BBF89 /* Data */ = {
			isa = PBXGroup;
			children = (
				FA56665414EC1E65006BBF89 /* barChart.xml */,
			);
			name = Data;
			sourceTree = "<group>";
		};
		FAAFB6C114EEB5AB00AAD768 /* BarChart */ = {
			isa = PBXGroup;
			children = (
				FAAFB6D814EEB61C00AAD768 /* PlotChartView.m */,
				FAAFB6D914EEB61C00AAD768 /* PlotChartView.h */,
				FAAFB6DA14EEB61C00AAD768 /* BarLabel.m */,
				FAAFB6DB14EEB61C00AAD768 /* BarLabel.h */,
				FAAFB6DC14EEB61C00AAD768 /* BarChartView.m */,
				FAAFB6DD14EEB61C00AAD768 /* BarChartView.h */,
				FAAFB6DE14EEB61C00AAD768 /* BarView.m */,
				FAAFB6DF14EEB61C00AAD768 /* BarView.h */,
				FAAFB6C214EEB5B800AAD768 /* External */,
			);
			name = BarChart;
			sourceTree = "<group>";
		};
		FAAFB6C214EEB5B800AAD768 /* External */ = {
			isa = PBXGroup;
			children = (
				FAAFB6C514EEB5DD00AAD768 /* Helpers */,
				FAAFB6C414EEB5D200AAD768 /* XMLParser */,
				FAAFB6C314EEB5C400AAD768 /* CMPopTipView */,
			);
			name = External;
			sourceTree = "<group>";
		};
		FAAFB6C314EEB5C400AAD768 /* CMPopTipView */ = {
			isa = PBXGroup;
			children = (
				FAAFB6C614EEB5ED00AAD768 /* CMPopTipView.m */,
				FAAFB6C714EEB5ED00AAD768 /* CMPopTipView.h */,
			);
			name = CMPopTipView;
			sourceTree = "<group>";
		};
		FAAFB6C414EEB5D200AAD768 /* XMLParser */ = {
			isa = PBXGroup;
			children = (
				FAAFB6C914EEB5FB00AAD768 /* XMLParserDelegate.m */,
				FAAFB6CA14EEB5FB00AAD768 /* XMLParserDelegate.h */,
				FAAFB6CB14EEB5FB00AAD768 /* XMLParser.m */,
				FAAFB6CC14EEB5FB00AAD768 /* XMLParser.h */,
				FAAFB6CD14EEB5FB00AAD768 /* XMLElement.m */,
				FAAFB6CE14EEB5FB00AAD768 /* XMLElement.h */,
			);
			name = XMLParser;
			sourceTree = "<group>";
		};
		FAAFB6C514EEB5DD00AAD768 /* Helpers */ = {
			isa = PBXGroup;
			children = (
				FAAFB6D214EEB60500AAD768 /* UIViewSizeShortcuts.m */,
				FAAFB6D314EEB60500AAD768 /* UIViewSizeShortcuts.h */,
				FAAFB6D414EEB60500AAD768 /* UIColor+i7HexColor.m */,
				FAAFB6D514EEB60500AAD768 /* UIColor+i7HexColor.h */,
			);
			name = Helpers;
			sourceTree = "<group>";
		};
/* End PBXGroup section */

/* Begin PBXNativeTarget section */
		FA20611414EBEF4200D4F642 /* BarChart */ = {
			isa = PBXNativeTarget;
			buildConfigurationList = FA20612D14EBEF4200D4F642 /* Build configuration list for PBXNativeTarget "BarChart" */;
			buildPhases = (
				FA20611114EBEF4200D4F642 /* Sources */,
				FA20611214EBEF4200D4F642 /* Frameworks */,
				FA20611314EBEF4200D4F642 /* Resources */,
			);
			buildRules = (
			);
			dependencies = (
			);
			name = BarChart;
			productName = BarChart;
			productReference = FA20611514EBEF4200D4F642 /* BarChart.app */;
			productType = "com.apple.product-type.application";
		};
/* End PBXNativeTarget section */

/* Begin PBXProject section */
		FA20610C14EBEF4100D4F642 /* Project object */ = {
			isa = PBXProject;
			attributes = {
				LastUpgradeCheck = 0420;
			};
			buildConfigurationList = FA20610F14EBEF4100D4F642 /* Build configuration list for PBXProject "BarChart" */;
			compatibilityVersion = "Xcode 3.2";
			developmentRegion = English;
			hasScannedForEncodings = 0;
			knownRegions = (
				en,
			);
			mainGroup = FA20610A14EBEF4100D4F642;
			productRefGroup = FA20611614EBEF4200D4F642 /* Products */;
			projectDirPath = "";
			projectRoot = "";
			targets = (
				FA20611414EBEF4200D4F642 /* BarChart */,
			);
		};
/* End PBXProject section */

/* Begin PBXResourcesBuildPhase section */
		FA20611314EBEF4200D4F642 /* Resources */ = {
			isa = PBXResourcesBuildPhase;
			buildActionMask = 2147483647;
			files = (
				FA20612414EBEF4200D4F642 /* InfoPlist.strings in Resources */,
				FA56665514EC1E65006BBF89 /* barChart.xml in Resources */,
			);
			runOnlyForDeploymentPostprocessing = 0;
		};
/* End PBXResourcesBuildPhase section */

/* Begin PBXSourcesBuildPhase section */
		FA20611114EBEF4200D4F642 /* Sources */ = {
			isa = PBXSourcesBuildPhase;
			buildActionMask = 2147483647;
			files = (
				FA20612614EBEF4200D4F642 /* main.m in Sources */,
				FA20612A14EBEF4200D4F642 /* AppDelegate.m in Sources */,
				FA56664B14EBFFF5006BBF89 /* RootController.m in Sources */,
				FAAFB6C814EEB5ED00AAD768 /* CMPopTipView.m in Sources */,
				FAAFB6CF14EEB5FB00AAD768 /* XMLParserDelegate.m in Sources */,
				FAAFB6D014EEB5FB00AAD768 /* XMLParser.m in Sources */,
				FAAFB6D114EEB5FB00AAD768 /* XMLElement.m in Sources */,
				FAAFB6D614EEB60500AAD768 /* UIViewSizeShortcuts.m in Sources */,
				FAAFB6D714EEB60500AAD768 /* UIColor+i7HexColor.m in Sources */,
				FAAFB6E014EEB61C00AAD768 /* PlotChartView.m in Sources */,
				FAAFB6E114EEB61C00AAD768 /* BarLabel.m in Sources */,
				FAAFB6E214EEB61C00AAD768 /* BarChartView.m in Sources */,
				FAAFB6E314EEB61C00AAD768 /* BarView.m in Sources */,
			);
			runOnlyForDeploymentPostprocessing = 0;
		};
/* End PBXSourcesBuildPhase section */

/* Begin PBXVariantGroup section */
		FA20612214EBEF4200D4F642 /* InfoPlist.strings */ = {
			isa = PBXVariantGroup;
			children = (
				FA20612314EBEF4200D4F642 /* en */,
			);
			name = InfoPlist.strings;
			sourceTree = "<group>";
		};
/* End PBXVariantGroup section */

/* Begin XCBuildConfiguration section */
		FA20612B14EBEF4200D4F642 /* Debug */ = {
			isa = XCBuildConfiguration;
			buildSettings = {
				ALWAYS_SEARCH_USER_PATHS = NO;
				ARCHS = (
					armv6,
					armv7,
				);
				"CODE_SIGN_IDENTITY[sdk=iphoneos*]" = "iPhone Developer";
				COPY_PHASE_STRIP = NO;
				GCC_C_LANGUAGE_STANDARD = gnu99;
				GCC_DYNAMIC_NO_PIC = NO;
				GCC_OPTIMIZATION_LEVEL = 0;
				GCC_PREPROCESSOR_DEFINITIONS = (
					"DEBUG=1",
					"$(inherited)",
				);
				GCC_SYMBOLS_PRIVATE_EXTERN = NO;
				GCC_VERSION = com.apple.compilers.llvm.clang.1_0;
				GCC_WARN_ABOUT_MISSING_PROTOTYPES = YES;
				GCC_WARN_ABOUT_RETURN_TYPE = YES;
				GCC_WARN_UNUSED_VARIABLE = YES;
				IPHONEOS_DEPLOYMENT_TARGET = 4.2;
				SDKROOT = iphoneos;
				TARGETED_DEVICE_FAMILY = "1,2";
			};
			name = Debug;
		};
		FA20612C14EBEF4200D4F642 /* Release */ = {
			isa = XCBuildConfiguration;
			buildSettings = {
				ALWAYS_SEARCH_USER_PATHS = NO;
				ARCHS = (
					armv6,
					armv7,
				);
				"CODE_SIGN_IDENTITY[sdk=iphoneos*]" = "iPhone Developer";
				COPY_PHASE_STRIP = YES;
				GCC_C_LANGUAGE_STANDARD = gnu99;
				GCC_VERSION = com.apple.compilers.llvm.clang.1_0;
				GCC_WARN_ABOUT_MISSING_PROTOTYPES = YES;
				GCC_WARN_ABOUT_RETURN_TYPE = YES;
				GCC_WARN_UNUSED_VARIABLE = YES;
				IPHONEOS_DEPLOYMENT_TARGET = 4.2;
				OTHER_CFLAGS = "-DNS_BLOCK_ASSERTIONS=1";
				SDKROOT = iphoneos;
				TARGETED_DEVICE_FAMILY = "1,2";
				VALIDATE_PRODUCT = YES;
			};
			name = Release;
		};
		FA20612E14EBEF4200D4F642 /* Debug */ = {
			isa = XCBuildConfiguration;
			buildSettings = {
				ARCHS = (
					armv6,
					armv7,
				);
				GCC_PRECOMPILE_PREFIX_HEADER = YES;
				GCC_PREFIX_HEADER = "BarChart/BarChart-Prefix.pch";
				INFOPLIST_FILE = "BarChart/BarChart-Info.plist";
				IPHONEOS_DEPLOYMENT_TARGET = 4.2;
				PRODUCT_NAME = "$(TARGET_NAME)";
				WRAPPER_EXTENSION = app;
			};
			name = Debug;
		};
		FA20612F14EBEF4200D4F642 /* Release */ = {
			isa = XCBuildConfiguration;
			buildSettings = {
				ARCHS = (
					armv6,
					armv7,
				);
				GCC_PRECOMPILE_PREFIX_HEADER = YES;
				GCC_PREFIX_HEADER = "BarChart/BarChart-Prefix.pch";
				INFOPLIST_FILE = "BarChart/BarChart-Info.plist";
				IPHONEOS_DEPLOYMENT_TARGET = 4.2;
				PRODUCT_NAME = "$(TARGET_NAME)";
				WRAPPER_EXTENSION = app;
			};
			name = Release;
		};
/* End XCBuildConfiguration section */

/* Begin XCConfigurationList section */
		FA20610F14EBEF4100D4F642 /* Build configuration list for PBXProject "BarChart" */ = {
			isa = XCConfigurationList;
			buildConfigurations = (
				FA20612B14EBEF4200D4F642 /* Debug */,
				FA20612C14EBEF4200D4F642 /* Release */,
			);
			defaultConfigurationIsVisible = 0;
			defaultConfigurationName = Release;
		};
		FA20612D14EBEF4200D4F642 /* Build configuration list for PBXNativeTarget "BarChart" */ = {
			isa = XCConfigurationList;
			buildConfigurations = (
				FA20612E14EBEF4200D4F642 /* Debug */,
				FA20612F14EBEF4200D4F642 /* Release */,
			);
			defaultConfigurationIsVisible = 0;
			defaultConfigurationName = Release;
		};
/* End XCConfigurationList section */
	};
	rootObject = FA20610C14EBEF4100D4F642 /* Project object */;
}
